// !$*UTF8*$!
{
	archiveVersion = 1;
	classes = {
	};
	objectVersion = 50;
	objects = {

/* Begin PBXBuildFile section */
		CDAA2EBF26290543008AA778 /* SerialQueueTests.cpp in Sources */ = {isa = PBXBuildFile; fileRef = CDAA2EBE26290543008AA778 /* SerialQueueTests.cpp */; };
		CDAA2EC426295B28008AA778 /* ConcurrentQueue.hpp in Sources */ = {isa = PBXBuildFile; fileRef = CDAA2EC326295B28008AA778 /* ConcurrentQueue.hpp */; };
		CDF52224262D640C0051EB24 /* ConcurrentQueueTest.cpp in Sources */ = {isa = PBXBuildFile; fileRef = CDF52222262D640C0051EB24 /* ConcurrentQueueTest.cpp */; };
		CDF52227262D641B0051EB24 /* main.cpp in Sources */ = {isa = PBXBuildFile; fileRef = CDF52226262D641B0051EB24 /* main.cpp */; };
/* End PBXBuildFile section */

/* Begin PBXCopyFilesBuildPhase section */
		CDAA2EB02628F1E0008AA778 /* CopyFiles */ = {
			isa = PBXCopyFilesBuildPhase;
			buildActionMask = 2147483647;
			dstPath = /usr/share/man/man1/;
			dstSubfolderSpec = 0;
			files = (
			);
			runOnlyForDeploymentPostprocessing = 1;
		};
/* End PBXCopyFilesBuildPhase section */

/* Begin PBXFileReference section */
		CDAA2EB22628F1E0008AA778 /* ThreadSafe */ = {isa = PBXFileReference; explicitFileType = "compiled.mach-o.executable"; includeInIndex = 0; path = ThreadSafe; sourceTree = BUILT_PRODUCTS_DIR; };
		CDAA2EBD2628F207008AA778 /* SerialQueue.hpp */ = {isa = PBXFileReference; lastKnownFileType = sourcecode.cpp.h; path = SerialQueue.hpp; sourceTree = "<group>"; };
		CDAA2EBE26290543008AA778 /* SerialQueueTests.cpp */ = {isa = PBXFileReference; lastKnownFileType = sourcecode.cpp.cpp; path = SerialQueueTests.cpp; sourceTree = "<group>"; };
		CDAA2EC326295B28008AA778 /* ConcurrentQueue.hpp */ = {isa = PBXFileReference; lastKnownFileType = sourcecode.cpp.h; path = ConcurrentQueue.hpp; sourceTree = "<group>"; };
		CDF52222262D640C0051EB24 /* ConcurrentQueueTest.cpp */ = {isa = PBXFileReference; lastKnownFileType = sourcecode.cpp.cpp; path = ConcurrentQueueTest.cpp; sourceTree = "<group>"; };
		CDF52223262D640C0051EB24 /* ConcurrentQueueTest.hpp */ = {isa = PBXFileReference; lastKnownFileType = sourcecode.cpp.h; path = ConcurrentQueueTest.hpp; sourceTree = "<group>"; };
		CDF52226262D641B0051EB24 /* main.cpp */ = {isa = PBXFileReference; lastKnownFileType = sourcecode.cpp.cpp; path = main.cpp; sourceTree = "<group>"; };
/* End PBXFileReference section */

/* Begin PBXFrameworksBuildPhase section */
		CDAA2EAF2628F1E0008AA778 /* Frameworks */ = {
			isa = PBXFrameworksBuildPhase;
			buildActionMask = 2147483647;
			files = (
			);
			runOnlyForDeploymentPostprocessing = 0;
		};
/* End PBXFrameworksBuildPhase section */

/* Begin PBXGroup section */
		CDAA2EA92628F1E0008AA778 = {
			isa = PBXGroup;
			children = (
				CDAA2EB42628F1E0008AA778 /* ThreadSafe */,
				CDAA2EB32628F1E0008AA778 /* Products */,
			);
			sourceTree = "<group>";
		};
		CDAA2EB32628F1E0008AA778 /* Products */ = {
			isa = PBXGroup;
			children = (
				CDAA2EB22628F1E0008AA778 /* ThreadSafe */,
			);
			name = Products;
			sourceTree = "<group>";
		};
		CDAA2EB42628F1E0008AA778 /* ThreadSafe */ = {
			isa = PBXGroup;
			children = (
				CDAA2EBD2628F207008AA778 /* SerialQueue.hpp */,
				CDAA2EBE26290543008AA778 /* SerialQueueTests.cpp */,
				CDAA2EC326295B28008AA778 /* ConcurrentQueue.hpp */,
				CDF52222262D640C0051EB24 /* ConcurrentQueueTest.cpp */,
				CDF52223262D640C0051EB24 /* ConcurrentQueueTest.hpp */,
				CDF52226262D641B0051EB24 /* main.cpp */,
			);
			path = ThreadSafe;
			sourceTree = "<group>";
		};
/* End PBXGroup section */

/* Begin PBXNativeTarget section */
		CDAA2EB12628F1E0008AA778 /* ThreadSafe */ = {
			isa = PBXNativeTarget;
			buildConfigurationList = CDAA2EB92628F1E0008AA778 /* Build configuration list for PBXNativeTarget "ThreadSafe" */;
			buildPhases = (
				CDAA2EAE2628F1E0008AA778 /* Sources */,
				CDAA2EAF2628F1E0008AA778 /* Frameworks */,
				CDAA2EB02628F1E0008AA778 /* CopyFiles */,
			);
			buildRules = (
			);
			dependencies = (
			);
			name = ThreadSafe;
			productName = ThreadSafe;
			productReference = CDAA2EB22628F1E0008AA778 /* ThreadSafe */;
			productType = "com.apple.product-type.tool";
		};
/* End PBXNativeTarget section */

/* Begin PBXProject section */
		CDAA2EAA2628F1E0008AA778 /* Project object */ = {
			isa = PBXProject;
			attributes = {
				LastUpgradeCheck = 1240;
				TargetAttributes = {
					CDAA2EB12628F1E0008AA778 = {
						CreatedOnToolsVersion = 12.4;
					};
				};
			};
			buildConfigurationList = CDAA2EAD2628F1E0008AA778 /* Build configuration list for PBXProject "ThreadSafe" */;
			compatibilityVersion = "Xcode 9.3";
			developmentRegion = en;
			hasScannedForEncodings = 0;
			knownRegions = (
				en,
				Base,
			);
			mainGroup = CDAA2EA92628F1E0008AA778;
			productRefGroup = CDAA2EB32628F1E0008AA778 /* Products */;
			projectDirPath = "";
			projectRoot = "";
			targets = (
				CDAA2EB12628F1E0008AA778 /* ThreadSafe */,
			);
		};
/* End PBXProject section */

/* Begin PBXSourcesBuildPhase section */
		CDAA2EAE2628F1E0008AA778 /* Sources */ = {
			isa = PBXSourcesBuildPhase;
			buildActionMask = 2147483647;
			files = (
				CDAA2EC426295B28008AA778 /* ConcurrentQueue.hpp in Sources */,
				CDAA2EBF26290543008AA778 /* SerialQueueTests.cpp in Sources */,
				CDF52227262D641B0051EB24 /* main.cpp in Sources */,
				CDF52224262D640C0051EB24 /* ConcurrentQueueTest.cpp in Sources */,
			);
			runOnlyForDeploymentPostprocessing = 0;
		};
/* End PBXSourcesBuildPhase section */

/* Begin XCBuildConfiguration section */
		CDAA2EB72628F1E0008AA778 /* Debug */ = {
			isa = XCBuildConfiguration;
			buildSettings = {
				ALWAYS_SEARCH_USER_PATHS = NO;
				CLANG_ANALYZER_NONNULL = YES;
				CLANG_ANALYZER_NUMBER_OBJECT_CONVERSION = YES_AGGRESSIVE;
				CLANG_CXX_LANGUAGE_STANDARD = "gnu++14";
				CLANG_CXX_LIBRARY = "libc++";
				CLANG_ENABLE_MODULES = YES;
				CLANG_ENABLE_OBJC_ARC = YES;
				CLANG_ENABLE_OBJC_WEAK = YES;
				CLANG_WARN_BLOCK_CAPTURE_AUTORELEASING = YES;
				CLANG_WARN_BOOL_CONVERSION = YES;
				CLANG_WARN_COMMA = YES;
				CLANG_WARN_CONSTANT_CONVERSION = YES;
				CLANG_WARN_DEPRECATED_OBJC_IMPLEMENTATIONS = YES;
				CLANG_WARN_DIRECT_OBJC_ISA_USAGE = YES_ERROR;
				CLANG_WARN_DOCUMENTATION_COMMENTS = YES;
				CLANG_WARN_EMPTY_BODY = YES;
				CLANG_WARN_ENUM_CONVERSION = YES;
				CLANG_WARN_INFINITE_RECURSION = YES;
				CLANG_WARN_INT_CONVERSION = YES;
				CLANG_WARN_NON_LITERAL_NULL_CONVERSION = YES;
				CLANG_WARN_OBJC_IMPLICIT_RETAIN_SELF = YES;
				CLANG_WARN_OBJC_LITERAL_CONVERSION = YES;
				CLANG_WARN_OBJC_ROOT_CLASS = YES_ERROR;
				CLANG_WARN_QUOTED_INCLUDE_IN_FRAMEWORK_HEADER = YES;
				CLANG_WARN_RANGE_LOOP_ANALYSIS = YES;
				CLANG_WARN_STRICT_PROTOTYPES = YES;
				CLANG_WARN_SUSPICIOUS_MOVE = YES;
				CLANG_WARN_UNGUARDED_AVAILABILITY = YES_AGGRESSIVE;
				CLANG_WARN_UNREACHABLE_CODE = YES;
				CLANG_WARN__DUPLICATE_METHOD_MATCH = YES;
				COPY_PHASE_STRIP = NO;
				DEBUG_INFORMATION_FORMAT = dwarf;
				ENABLE_STRICT_OBJC_MSGSEND = YES;
				ENABLE_TESTABILITY = YES;
				GCC_C_LANGUAGE_STANDARD = gnu11;
				GCC_DYNAMIC_NO_PIC = NO;
				GCC_NO_COMMON_BLOCKS = YES;
				GCC_OPTIMIZATION_LEVEL = 0;
				GCC_PREPROCESSOR_DEFINITIONS = (
					"DEBUG=1",
					"$(inherited)",
				);
				GCC_WARN_64_TO_32_BIT_CONVERSION = YES;
				GCC_WARN_ABOUT_RETURN_TYPE = YES_ERROR;
				GCC_WARN_UNDECLARED_SELECTOR = YES;
				GCC_WARN_UNINITIALIZED_AUTOS = YES_AGGRESSIVE;
				GCC_WARN_UNUSED_FUNCTION = YES;
				GCC_WARN_UNUSED_VARIABLE = YES;
				MACOSX_DEPLOYMENT_TARGET = 11.1;
				MTL_ENABLE_DEBUG_INFO = INCLUDE_SOURCE;
				MTL_FAST_MATH = YES;
				ONLY_ACTIVE_ARCH = YES;
				SDKROOT = macosx;
			};
			name = Debug;
		};
		CDAA2EB82628F1E0008AA778 /* Release */ = {
			isa = XCBuildConfiguration;
			buildSettings = {
				ALWAYS_SEARCH_USER_PATHS = NO;
				CLANG_ANALYZER_NONNULL = YES;
				CLANG_ANALYZER_NUMBER_OBJECT_CONVERSION = YES_AGGRESSIVE;
				CLANG_CXX_LANGUAGE_STANDARD = "gnu++14";
				CLANG_CXX_LIBRARY = "libc++";
				CLANG_ENABLE_MODULES = YES;
				CLANG_ENABLE_OBJC_ARC = YES;
				CLANG_ENABLE_OBJC_WEAK = YES;
				CLANG_WARN_BLOCK_CAPTURE_AUTORELEASING = YES;
				CLANG_WARN_BOOL_CONVERSION = YES;
				CLANG_WARN_COMMA = YES;
				CLANG_WARN_CONSTANT_CONVERSION = YES;
				CLANG_WARN_DEPRECATED_OBJC_IMPLEMENTATIONS = YES;
				CLANG_WARN_DIRECT_OBJC_ISA_USAGE = YES_ERROR;
				CLANG_WARN_DOCUMENTATION_COMMENTS = YES;
				CLANG_WARN_EMPTY_BODY = YES;
				CLANG_WARN_ENUM_CONVERSION = YES;
				CLANG_WARN_INFINITE_RECURSION = YES;
				CLANG_WARN_INT_CONVERSION = YES;
				CLANG_WARN_NON_LITERAL_NULL_CONVERSION = YES;
				CLANG_WARN_OBJC_IMPLICIT_RETAIN_SELF = YES;
				CLANG_WARN_OBJC_LITERAL_CONVERSION = YES;
				CLANG_WARN_OBJC_ROOT_CLASS = YES_ERROR;
				CLANG_WARN_QUOTED_INCLUDE_IN_FRAMEWORK_HEADER = YES;
				CLANG_WARN_RANGE_LOOP_ANALYSIS = YES;
				CLANG_WARN_STRICT_PROTOTYPES = YES;
				CLANG_WARN_SUSPICIOUS_MOVE = YES;
				CLANG_WARN_UNGUARDED_AVAILABILITY = YES_AGGRESSIVE;
				CLANG_WARN_UNREACHABLE_CODE = YES;
				CLANG_WARN__DUPLICATE_METHOD_MATCH = YES;
				COPY_PHASE_STRIP = NO;
				DEBUG_INFORMATION_FORMAT = "dwarf-with-dsym";
				ENABLE_NS_ASSERTIONS = NO;
				ENABLE_STRICT_OBJC_MSGSEND = YES;
				GCC_C_LANGUAGE_STANDARD = gnu11;
				GCC_NO_COMMON_BLOCKS = YES;
				GCC_WARN_64_TO_32_BIT_CONVERSION = YES;
				GCC_WARN_ABOUT_RETURN_TYPE = YES_ERROR;
				GCC_WARN_UNDECLARED_SELECTOR = YES;
				GCC_WARN_UNINITIALIZED_AUTOS = YES_AGGRESSIVE;
				GCC_WARN_UNUSED_FUNCTION = YES;
				GCC_WARN_UNUSED_VARIABLE = YES;
				MACOSX_DEPLOYMENT_TARGET = 11.1;
				MTL_ENABLE_DEBUG_INFO = NO;
				MTL_FAST_MATH = YES;
				SDKROOT = macosx;
			};
			name = Release;
		};
		CDAA2EBA2628F1E0008AA778 /* Debug */ = {
			isa = XCBuildConfiguration;
			buildSettings = {
				CODE_SIGN_STYLE = Automatic;
				DEVELOPMENT_TEAM = 48AHW4HYMF;
				ENABLE_HARDENED_RUNTIME = YES;
				PRODUCT_NAME = "$(TARGET_NAME)";
			};
			name = Debug;
		};
		CDAA2EBB2628F1E0008AA778 /* Release */ = {
			isa = XCBuildConfiguration;
			buildSettings = {
				CODE_SIGN_STYLE = Automatic;
				DEVELOPMENT_TEAM = 48AHW4HYMF;
				ENABLE_HARDENED_RUNTIME = YES;
				PRODUCT_NAME = "$(TARGET_NAME)";
			};
			name = Release;
		};
/* End XCBuildConfiguration section */

/* Begin XCConfigurationList section */
		CDAA2EAD2628F1E0008AA778 /* Build configuration list for PBXProject "ThreadSafe" */ = {
			isa = XCConfigurationList;
			buildConfigurations = (
				CDAA2EB72628F1E0008AA778 /* Debug */,
				CDAA2EB82628F1E0008AA778 /* Release */,
			);
			defaultConfigurationIsVisible = 0;
			defaultConfigurationName = Release;
		};
		CDAA2EB92628F1E0008AA778 /* Build configuration list for PBXNativeTarget "ThreadSafe" */ = {
			isa = XCConfigurationList;
			buildConfigurations = (
				CDAA2EBA2628F1E0008AA778 /* Debug */,
				CDAA2EBB2628F1E0008AA778 /* Release */,
			);
			defaultConfigurationIsVisible = 0;
			defaultConfigurationName = Release;
		};
/* End XCConfigurationList section */
	};
	rootObject = CDAA2EAA2628F1E0008AA778 /* Project object */;
}
